FORGE
  remote: https://forgeapi.puppetlabs.com
  specs:
    crayfishx-firewalld (3.1.8)
      puppetlabs-stdlib (< 5.0.0, >= 4.2.0)
    garethr-docker (5.3.0)
      puppetlabs-apt (<= 3.0.0, >= 1.8.0)
      puppetlabs-stdlib (>= 4.1.0)
      stahnma-epel (>= 0.0.6)
    jlambert121-trusted_ca (1.1.0)
      puppetlabs-stdlib (< 5.0.0, >= 3.2.0)
    mthibaut-users (1.0.11)
      puppetlabs-stdlib (>= 0)
    puppet-archive (1.1.2)
      puppetlabs-stdlib (< 5.0.0, >= 4.2.0)
    puppetlabs-apt (2.3.0)
      puppetlabs-stdlib (< 5.0.0, >= 4.5.0)
    puppetlabs-concat (2.2.0)
      puppetlabs-stdlib (< 5.0.0, >= 4.2.0)
    puppetlabs-java_ks (1.4.1)
    puppetlabs-postgresql (4.8.0)
      puppetlabs-apt (< 3.0.0, >= 1.8.0)
      puppetlabs-concat (< 3.0.0, >= 1.1.0)
      puppetlabs-stdlib (~> 4.0)
    puppetlabs-stdlib (4.12.0)
    puppetlabs-vcsrepo (1.3.1)
    stahnma-epel (1.2.2)
      puppetlabs-stdlib (>= 3.0.0)

GIT
  remote: https://github.com/EuPathDB/puppet-ebrc_java.git
  ref: master
  sha: a72550e36dbcbc41712e49fc1f3b3d12df35a143
  specs:
    ebrc-ebrc_java (0.1.0)

GIT
  remote: https://github.com/EuPathDB/puppet-ebrc_jenkins.git
  ref: master
  sha: 4f9a7771d467e345175ef934ff6d7f1bc18c6f9b
  specs:
    ebrc-ebrc_jenkins (0.1.0)
      puppet-archive (>= 0)

GIT
  remote: https://github.com/EuPathDB/puppet-ebrc_maven.git
  ref: master
  sha: 1a1e054e55ec51a1d82babb4f5d320b6b9a517d5
  specs:
    ebrc-ebrc_maven (0.1.0)

GIT
  remote: https://github.com/EuPathDB/puppet-ebrc_yum_repo.git
  ref: master
  sha: 2e75a0de6b7e4da022a1a4de7ee5306b5fcc0a4d
  specs:
    ebrc-ebrc_yum_repo (0.1.0)
      puppetlabs-stdlib (>= 1.0.0)

GIT
  remote: https://github.com/EuPathDB/puppet-irods.git
  ref: irods4.2
  sha: f7e355702a72e5605f05ba552b4b0a049f2dd171
  specs:
    ebrc-irods (0.1.0)
      puppetlabs-stdlib (>= 1.0.0)

GIT
  remote: https://github.com/EuPathDB/puppet-workspaces.git
  ref: master
  sha: 5875f001f3b0c43d537bbb6fff00dd3bfed2c6e8
  specs:
    ebrc-workspaces (0.1.0)
      puppetlabs-stdlib (>= 1.0.0)

PATH
  remote: ./src/profiles
  specs:
    local-profiles (0.0.0)
      crayfishx-firewalld (>= 0)
      ebrc-ebrc_java (>= 0)
      ebrc-ebrc_jenkins (>= 0)
      ebrc-ebrc_yum_repo (>= 0)
      jlambert121-trusted_ca (>= 0)
      puppetlabs-stdlib (>= 0)

DEPENDENCIES
  crayfishx-firewalld (>= 0)
  ebrc-ebrc_java (>= 0)
  ebrc-ebrc_jenkins (>= 0)
  ebrc-ebrc_maven (>= 0)
  ebrc-ebrc_yum_repo (>= 0)
  ebrc-irods (>= 0)
  ebrc-workspaces (>= 0)
  garethr-docker (>= 0)
  jlambert121-trusted_ca (>= 0)
  local-profiles (>= 0)
  mthibaut-users (>= 0)
  puppet-archive (>= 0)
  puppetlabs-java_ks (>= 0)
  puppetlabs-postgresql (>= 0)
  puppetlabs-stdlib (= 4.12.0)
  puppetlabs-vcsrepo (= 1.3.1)
  stahnma-epel (>= 0)

